{
    "name": "@master/images.component.angular",
    "version": "0.0.0",
    "lockfileVersion": 1,
    "requires": true,
    "dependencies": {
        "@master/file-center.angular": {
            "version": "2.0.23",
            "resolved": "https://registry.npmjs.org/@master/file-center.angular/-/file-center.angular-2.0.23.tgz",
            "integrity": "sha512-J9jmZYBMc0UgOOdvjrGOF42xDmjvtPMhEHw0JnPxm8bsgsUCu0XC2HRGXm/EzoNy7g8ikywqUPw+0CXF41NRBw==",
            "requires": {
                "lodash-es": "^4.17.20",
                "ngx-filesize": "^2.0.16",
                "tslib": "^2.0.0"
            },
            "dependencies": {
                "tslib": {
                    "version": "2.1.0",
                    "resolved": "https://registry.npmjs.org/tslib/-/tslib-2.1.0.tgz",
                    "integrity": "sha512-hcVC3wYEziELGGmEEXue7D75zbwIIVUMWAVbHItGPx0ziyXxrOMQx4rQEVEV45Ut/1IotuEvwqPopzIOkDMf0A=="
                }
            }
        },
        "filesize": {
            "version": "6.1.0",
            "resolved": "https://registry.npmjs.org/filesize/-/filesize-6.1.0.tgz",
            "integrity": "sha512-LpCHtPQ3sFx67z+uh2HnSyWSLLu5Jxo21795uRDuar/EOuYWXib5EmPaGIBuSnRqH2IODiKA2k5re/K9OnN/Yg=="
        },
        "lodash-es": {
            "version": "4.17.21",
            "resolved": "https://registry.npmjs.org/lodash-es/-/lodash-es-4.17.21.tgz",
            "integrity": "sha512-mKnC+QJ9pWVzv+C4/U3rRsHapFfHvQFoFB92e52xeyGMcX6/OlIl78je1u8vePzYZSkkogMPJ2yjxxsb89cxyw=="
        },
        "ngx-filesize": {
            "version": "2.0.16",
            "resolved": "https://registry.npmjs.org/ngx-filesize/-/ngx-filesize-2.0.16.tgz",
            "integrity": "sha512-VdaCirE7hSyfQh8ZEmhzNEhbddiTYUHF4V6OX+KyTmnQSVx4hp9kmzDX5YlkIlmClI6wI+LZmH9/q7XS3fsMPA==",
            "requires": {
                "filesize": ">= 4.0.0",
                "tslib": "^2.0.0"
            },
            "dependencies": {
                "tslib": {
                    "version": "2.1.0",
                    "resolved": "https://registry.npmjs.org/tslib/-/tslib-2.1.0.tgz",
                    "integrity": "sha512-hcVC3wYEziELGGmEEXue7D75zbwIIVUMWAVbHItGPx0ziyXxrOMQx4rQEVEV45Ut/1IotuEvwqPopzIOkDMf0A=="
                }
            }
        }
    }
}
